
Microsoft Visual Studio Solution File, Format Version 12.00
# Visual Studio 15
VisualStudioVersion = 15.0.28010.2003
MinimumVisualStudioVersion = 10.0.40219.1
Project("{FAE04EC0-301F-11D3-BF4B-00C04F79EFBC}") = "WebAPI_SQLVol2", "WebAPI_SQLVol2\WebAPI_SQLVol2.csproj", "{874AD5AE-AE19-4726-9C51-C5E0FAE2F135}"
EndProject
Global
	GlobalSection(SolutionConfigurationPlatforms) = preSolution
		Debug|Any CPU = Debug|Any CPU
		Release|Any CPU = Release|Any CPU
	EndGlobalSection
	GlobalSection(ProjectConfigurationPlatforms) = postSolution
		{874AD5AE-AE19-4726-9C51-C5E0FAE2F135}.Debug|Any CPU.ActiveCfg = Debug|Any CPU
		{874AD5AE-AE19-4726-9C51-C5E0FAE2F135}.Debug|Any CPU.Build.0 = Debug|Any CPU
		{874AD5AE-AE19-4726-9C51-C5E0FAE2F135}.Release|Any CPU.ActiveCfg = Release|Any CPU
		{874AD5AE-AE19-4726-9C51-C5E0FAE2F135}.Release|Any CPU.Build.0 = Release|Any CPU
	EndGlobalSection
	GlobalSection(SolutionProperties) = preSolution
		HideSolutionNode = FALSE
	EndGlobalSection
	GlobalSection(ExtensibilityGlobals) = postSolution
		SolutionGuid = {B0AE4121-8FD0-4C4B-80ED-997E4CEB8EFB}
	EndGlobalSection
EndGlobal
